
Microsoft Visual Studio Solution File, Format Version 12.00
# Visual Studio Version 17
VisualStudioVersion = 17.8.34511.84
MinimumVisualStudioVersion = 10.0.40219.1
Project("{9A19103F-16F7-4668-BE54-9A1E7A4F7556}") = "petProject", "petProject\petProject.csproj", "{FC86704A-30BF-417D-9F33-B35290A6538A}"
EndProject
Project("{E24C65DC-7377-472B-9ABA-BC803B73C61A}") = "AngularProject1", "AngularProject1\", "{E14B6FA2-6093-47EF-A4A6-21A08363A189}"
	ProjectSection(WebsiteProperties) = preProject
		TargetFrameworkMoniker = ".NETFramework,Version%3Dv4.8"
		Debug.AspNetCompiler.VirtualPath = "/localhost_60495"
		Debug.AspNetCompiler.PhysicalPath = "AngularProject1\"
		Debug.AspNetCompiler.TargetPath = "PrecompiledWeb\localhost_60495\"
		Debug.AspNetCompiler.Updateable = "true"
		Debug.AspNetCompiler.ForceOverwrite = "true"
		Debug.AspNetCompiler.FixedNames = "false"
		Debug.AspNetCompiler.Debug = "True"
		Release.AspNetCompiler.VirtualPath = "/localhost_60495"
		Release.AspNetCompiler.PhysicalPath = "AngularProject1\"
		Release.AspNetCompiler.TargetPath = "PrecompiledWeb\localhost_60495\"
		Release.AspNetCompiler.Updateable = "true"
		Release.AspNetCompiler.ForceOverwrite = "true"
		Release.AspNetCompiler.FixedNames = "false"
		Release.AspNetCompiler.Debug = "False"
		VWDPort = "60495"
		SlnRelativePath = "AngularProject1\"
	EndProjectSection
EndProject
Global
	GlobalSection(SolutionConfigurationPlatforms) = preSolution
		Debug|Any CPU = Debug|Any CPU
		Release|Any CPU = Release|Any CPU
	EndGlobalSection
	GlobalSection(ProjectConfigurationPlatforms) = postSolution
		{FC86704A-30BF-417D-9F33-B35290A6538A}.Debug|Any CPU.ActiveCfg = Debug|Any CPU
		{FC86704A-30BF-417D-9F33-B35290A6538A}.Debug|Any CPU.Build.0 = Debug|Any CPU
		{FC86704A-30BF-417D-9F33-B35290A6538A}.Release|Any CPU.ActiveCfg = Release|Any CPU
		{FC86704A-30BF-417D-9F33-B35290A6538A}.Release|Any CPU.Build.0 = Release|Any CPU
		{E14B6FA2-6093-47EF-A4A6-21A08363A189}.Debug|Any CPU.ActiveCfg = Debug|Any CPU
		{E14B6FA2-6093-47EF-A4A6-21A08363A189}.Debug|Any CPU.Build.0 = Debug|Any CPU
		{E14B6FA2-6093-47EF-A4A6-21A08363A189}.Release|Any CPU.ActiveCfg = Debug|Any CPU
		{E14B6FA2-6093-47EF-A4A6-21A08363A189}.Release|Any CPU.Build.0 = Debug|Any CPU
	EndGlobalSection
	GlobalSection(SolutionProperties) = preSolution
		HideSolutionNode = FALSE
	EndGlobalSection
	GlobalSection(ExtensibilityGlobals) = postSolution
		SolutionGuid = {286158F9-E1B2-4349-A7F2-F7A3DA6F4A09}
	EndGlobalSection
EndGlobal
